
Microsoft Visual Studio Solution File, Format Version 12.00
# Visual Studio Version 17
VisualStudioVersion = 17.0.31903.59
MinimumVisualStudioVersion = 10.0.40219.1
Project("{2150E333-8FDC-42A3-9474-1A3956D46DE8}") = "src", "src", "{263980AF-7B8C-4EB8-9B12-8A229390F648}"
EndProject
Project("{FAE04EC0-301F-11D3-BF4B-00C04F79EFBC}") = "Itemizer.Domain", "src\Itemizer.Domain\Itemizer.Domain.csproj", "{BD788929-8299-4FF6-91CB-8D3D55320092}"
EndProject
Global
	GlobalSection(SolutionConfigurationPlatforms) = preSolution
		Debug|Any CPU = Debug|Any CPU
		Release|Any CPU = Release|Any CPU
	EndGlobalSection
	GlobalSection(SolutionProperties) = preSolution
		HideSolutionNode = FALSE
	EndGlobalSection
	GlobalSection(ProjectConfigurationPlatforms) = postSolution
		{BD788929-8299-4FF6-91CB-8D3D55320092}.Debug|Any CPU.ActiveCfg = Debug|Any CPU
		{BD788929-8299-4FF6-91CB-8D3D55320092}.Debug|Any CPU.Build.0 = Debug|Any CPU
		{BD788929-8299-4FF6-91CB-8D3D55320092}.Release|Any CPU.ActiveCfg = Release|Any CPU
		{BD788929-8299-4FF6-91CB-8D3D55320092}.Release|Any CPU.Build.0 = Release|Any CPU
	EndGlobalSection
	GlobalSection(NestedProjects) = preSolution
		{BD788929-8299-4FF6-91CB-8D3D55320092} = {263980AF-7B8C-4EB8-9B12-8A229390F648}
	EndGlobalSection
EndGlobal
